
Microsoft Visual Studio Solution File, Format Version 12.00
# Visual Studio Version 16
VisualStudioVersion = 16.0.29409.12
MinimumVisualStudioVersion = 10.0.40219.1
Project("{2150E333-8FDC-42A3-9474-1A3956D46DE8}") = "Application", "Application", "{2CD5297A-BD7D-4982-9664-2F79889B847F}"
EndProject
Project("{2150E333-8FDC-42A3-9474-1A3956D46DE8}") = "Domain", "Domain", "{0B82AAF5-C2FC-4833-8B4A-E250F4922FAD}"
EndProject
Project("{2150E333-8FDC-42A3-9474-1A3956D46DE8}") = "Infrastructure.Data", "Infrastructure.Data", "{26D5B0A1-6A6C-445E-99F8-04D8D699C75A}"
EndProject
Project("{2150E333-8FDC-42A3-9474-1A3956D46DE8}") = "Infrastructure.IoC", "Infrastructure.IoC", "{CD896CBE-A2DF-4358-8D8C-C7B9BC10BEF2}"
EndProject
Project("{2150E333-8FDC-42A3-9474-1A3956D46DE8}") = "UI.MVC", "UI.MVC", "{A9B38A6D-9C72-4A6F-98BC-F3448B7A4D70}"
EndProject
Project("{9A19103F-16F7-4668-BE54-9A1E7A4F7556}") = "NDT.Domain", "NDT.Domain\NDT.Domain.csproj", "{DCBC75A8-8914-480D-AD51-D2B712FABB85}"
EndProject
Project("{9A19103F-16F7-4668-BE54-9A1E7A4F7556}") = "NDT.Infra.Data", "NDT.Infra.Data\NDT.Infra.Data.csproj", "{C7B2ED79-1C24-4583-B85F-E94E5C62AEDD}"
EndProject
Project("{9A19103F-16F7-4668-BE54-9A1E7A4F7556}") = "NDT.Application", "NDT.Application\NDT.Application.csproj", "{B519503C-CE9F-42CF-B6E4-3C917E5D3423}"
EndProject
Project("{9A19103F-16F7-4668-BE54-9A1E7A4F7556}") = "NDTManagement.MVC", "NDTManagement.MVC\NDTManagement.MVC.csproj", "{8257A320-7406-4A73-8945-4A8792EAEECC}"
EndProject
Project("{FAE04EC0-301F-11D3-BF4B-00C04F79EFBC}") = "NDT.Infra.IOC", "NDT.Infra.IOC\NDT.Infra.IOC.csproj", "{C4BA5FB9-BCBC-4EEB-AF50-674ECB838E26}"
EndProject
Global
	GlobalSection(SolutionConfigurationPlatforms) = preSolution
		Debug|Any CPU = Debug|Any CPU
		Release|Any CPU = Release|Any CPU
	EndGlobalSection
	GlobalSection(ProjectConfigurationPlatforms) = postSolution
		{DCBC75A8-8914-480D-AD51-D2B712FABB85}.Debug|Any CPU.ActiveCfg = Debug|Any CPU
		{DCBC75A8-8914-480D-AD51-D2B712FABB85}.Debug|Any CPU.Build.0 = Debug|Any CPU
		{DCBC75A8-8914-480D-AD51-D2B712FABB85}.Release|Any CPU.ActiveCfg = Release|Any CPU
		{DCBC75A8-8914-480D-AD51-D2B712FABB85}.Release|Any CPU.Build.0 = Release|Any CPU
		{C7B2ED79-1C24-4583-B85F-E94E5C62AEDD}.Debug|Any CPU.ActiveCfg = Debug|Any CPU
		{C7B2ED79-1C24-4583-B85F-E94E5C62AEDD}.Debug|Any CPU.Build.0 = Debug|Any CPU
		{C7B2ED79-1C24-4583-B85F-E94E5C62AEDD}.Release|Any CPU.ActiveCfg = Release|Any CPU
		{C7B2ED79-1C24-4583-B85F-E94E5C62AEDD}.Release|Any CPU.Build.0 = Release|Any CPU
		{B519503C-CE9F-42CF-B6E4-3C917E5D3423}.Debug|Any CPU.ActiveCfg = Debug|Any CPU
		{B519503C-CE9F-42CF-B6E4-3C917E5D3423}.Debug|Any CPU.Build.0 = Debug|Any CPU
		{B519503C-CE9F-42CF-B6E4-3C917E5D3423}.Release|Any CPU.ActiveCfg = Release|Any CPU
		{B519503C-CE9F-42CF-B6E4-3C917E5D3423}.Release|Any CPU.Build.0 = Release|Any CPU
		{8257A320-7406-4A73-8945-4A8792EAEECC}.Debug|Any CPU.ActiveCfg = Debug|Any CPU
		{8257A320-7406-4A73-8945-4A8792EAEECC}.Debug|Any CPU.Build.0 = Debug|Any CPU
		{8257A320-7406-4A73-8945-4A8792EAEECC}.Release|Any CPU.ActiveCfg = Release|Any CPU
		{8257A320-7406-4A73-8945-4A8792EAEECC}.Release|Any CPU.Build.0 = Release|Any CPU
		{C4BA5FB9-BCBC-4EEB-AF50-674ECB838E26}.Debug|Any CPU.ActiveCfg = Debug|Any CPU
		{C4BA5FB9-BCBC-4EEB-AF50-674ECB838E26}.Debug|Any CPU.Build.0 = Debug|Any CPU
		{C4BA5FB9-BCBC-4EEB-AF50-674ECB838E26}.Release|Any CPU.ActiveCfg = Release|Any CPU
		{C4BA5FB9-BCBC-4EEB-AF50-674ECB838E26}.Release|Any CPU.Build.0 = Release|Any CPU
	EndGlobalSection
	GlobalSection(SolutionProperties) = preSolution
		HideSolutionNode = FALSE
	EndGlobalSection
	GlobalSection(NestedProjects) = preSolution
		{DCBC75A8-8914-480D-AD51-D2B712FABB85} = {0B82AAF5-C2FC-4833-8B4A-E250F4922FAD}
		{C7B2ED79-1C24-4583-B85F-E94E5C62AEDD} = {26D5B0A1-6A6C-445E-99F8-04D8D699C75A}
		{B519503C-CE9F-42CF-B6E4-3C917E5D3423} = {2CD5297A-BD7D-4982-9664-2F79889B847F}
		{8257A320-7406-4A73-8945-4A8792EAEECC} = {A9B38A6D-9C72-4A6F-98BC-F3448B7A4D70}
		{C4BA5FB9-BCBC-4EEB-AF50-674ECB838E26} = {CD896CBE-A2DF-4358-8D8C-C7B9BC10BEF2}
	EndGlobalSection
	GlobalSection(ExtensibilityGlobals) = postSolution
		SolutionGuid = {5F4FA43C-8A5D-4061-B521-E605763B50A6}
	EndGlobalSection
EndGlobal
